
Microsoft Visual Studio Solution File, Format Version 12.00
# Visual Studio Version 16
VisualStudioVersion = 16.0.30804.86
MinimumVisualStudioVersion = 10.0.40219.1
Project("{FAE04EC0-301F-11D3-BF4B-00C04F79EFBC}") = "WindowsFormsApp1", "WindowsFormsApp1\WindowsFormsApp1.csproj", "{66D86A55-4A81-455C-B152-C3378B49A686}"
EndProject
Project("{FAE04EC0-301F-11D3-BF4B-00C04F79EFBC}") = "UnitTestProject1", "UnitTestProject1\UnitTestProject1.csproj", "{711C5A7E-3C08-43EE-9376-1BE6EFFCEB3C}"
EndProject
Global
	GlobalSection(SolutionConfigurationPlatforms) = preSolution
		Debug|Any CPU = Debug|Any CPU
		Release|Any CPU = Release|Any CPU
	EndGlobalSection
	GlobalSection(ProjectConfigurationPlatforms) = postSolution
		{66D86A55-4A81-455C-B152-C3378B49A686}.Debug|Any CPU.ActiveCfg = Debug|Any CPU
		{66D86A55-4A81-455C-B152-C3378B49A686}.Debug|Any CPU.Build.0 = Debug|Any CPU
		{66D86A55-4A81-455C-B152-C3378B49A686}.Release|Any CPU.ActiveCfg = Release|Any CPU
		{66D86A55-4A81-455C-B152-C3378B49A686}.Release|Any CPU.Build.0 = Release|Any CPU
		{711C5A7E-3C08-43EE-9376-1BE6EFFCEB3C}.Debug|Any CPU.ActiveCfg = Debug|Any CPU
		{711C5A7E-3C08-43EE-9376-1BE6EFFCEB3C}.Debug|Any CPU.Build.0 = Debug|Any CPU
		{711C5A7E-3C08-43EE-9376-1BE6EFFCEB3C}.Release|Any CPU.ActiveCfg = Release|Any CPU
		{711C5A7E-3C08-43EE-9376-1BE6EFFCEB3C}.Release|Any CPU.Build.0 = Release|Any CPU
	EndGlobalSection
	GlobalSection(SolutionProperties) = preSolution
		HideSolutionNode = FALSE
	EndGlobalSection
	GlobalSection(ExtensibilityGlobals) = postSolution
		SolutionGuid = {B039B6C1-FE09-45FC-9B94-C28D4164C367}
	EndGlobalSection
EndGlobal
